
Microsoft Visual Studio Solution File, Format Version 12.00
# Visual Studio Version 17
VisualStudioVersion = 17.13.35931.197
MinimumVisualStudioVersion = 10.0.40219.1
Project("{FAE04EC0-301F-11D3-BF4B-00C04F79EFBC}") = "FirstProject", "FirstProject\FirstProject.csproj", "{2A4C92B6-B0E8-499C-9C20-3BDEE9E46D78}"
EndProject
Project("{FAE04EC0-301F-11D3-BF4B-00C04F79EFBC}") = "SecondProject", "SecondProject\SecondProject.csproj", "{09B0337D-A34C-49D1-8A87-49EC218A84A2}"
EndProject
Project("{FAE04EC0-301F-11D3-BF4B-00C04F79EFBC}") = "FIrstDegree", "FIrstDegree\FIrstDegree.csproj", "{52F6C704-AFE5-4D6E-964D-73AC83F58B54}"
EndProject
Project("{FAE04EC0-301F-11D3-BF4B-00C04F79EFBC}") = "QuadracticEquation", "QuadracticEquation\QuadracticEquation.csproj", "{E0443572-EF27-4390-A371-9DF48344AA7E}"
EndProject
Project("{FAE04EC0-301F-11D3-BF4B-00C04F79EFBC}") = "StringInteraction", "StringInteraction\StringInteraction.csproj", "{98E7AEAE-7E8E-4C35-9B14-EB3040440BE0}"
EndProject
Project("{FAE04EC0-301F-11D3-BF4B-00C04F79EFBC}") = "SimpleMath", "SimpleMath\SimpleMath.csproj", "{46B1E3F8-A43C-4930-91A0-BD23874E06A9}"
EndProject
Project("{FAE04EC0-301F-11D3-BF4B-00C04F79EFBC}") = "RefAndOutSample", "RefAndOutSample\RefAndOutSample.csproj", "{B380D1CA-F190-43D1-AB48-06C3679D883C}"
EndProject
Project("{FAE04EC0-301F-11D3-BF4B-00C04F79EFBC}") = "TryParseSample", "TryParseSample\TryParseSample.csproj", "{87F12F85-3A43-435D-A4AA-68F645BF151C}"
EndProject
Project("{FAE04EC0-301F-11D3-BF4B-00C04F79EFBC}") = "ParamSample", "ParamSample\ParamSample.csproj", "{79DD05E5-EA64-4720-8B9F-9D0916EEBABE}"
EndProject
Project("{FAE04EC0-301F-11D3-BF4B-00C04F79EFBC}") = "TupleSample", "TupleSample\TupleSample.csproj", "{01DE713D-6B02-42AF-8522-D6BE2ACD310E}"
EndProject
Project("{FAE04EC0-301F-11D3-BF4B-00C04F79EFBC}") = "NestedLoop_Sort", "NestedLoop_Sort\NestedLoop_Sort.csproj", "{89213111-9418-4CAF-AF0C-2E766E362B72}"
EndProject
Project("{FAE04EC0-301F-11D3-BF4B-00C04F79EFBC}") = "NestedLoop_Shape", "NestedLoop_Shape\NestedLoop_Shape.csproj", "{C8D7DE6C-6641-45B2-8BEE-705D1409C8B8}"
EndProject
Project("{FAE04EC0-301F-11D3-BF4B-00C04F79EFBC}") = "OOP1", "OOP1\OOP1.csproj", "{E4EC66D3-FE72-46F4-A2FB-1E0D4A631BEF}"
EndProject
Project("{FAE04EC0-301F-11D3-BF4B-00C04F79EFBC}") = "OOP2", "OOP2\OOP2.csproj", "{D7B00202-3C1F-4207-AF9E-18FD2BACBBF2}"
EndProject
Project("{FAE04EC0-301F-11D3-BF4B-00C04F79EFBC}") = "OOP3_ExtensionMethod", "OOP3_ExtensionMethod\OOP3_ExtensionMethod.csproj", "{ADFBFB85-EC64-49DE-8304-4A3EC2B566B1}"
EndProject
Project("{FAE04EC0-301F-11D3-BF4B-00C04F79EFBC}") = "OOP4_Reuse_OOP2", "OOP4_Reuse_OOP2\OOP4_Reuse_OOP2.csproj", "{66BCC7C7-EC83-4DF4-BF67-1D7E69BE248B}"
EndProject
Project("{FAE04EC0-301F-11D3-BF4B-00C04F79EFBC}") = "OOP5_Generic_List", "OOP5_Generic_List\OOP5_Generic_List.csproj", "{94B48658-A382-4099-BAE9-CCC3AFBEAFBA}"
EndProject
Project("{FAE04EC0-301F-11D3-BF4B-00C04F79EFBC}") = "OOP6_Dictionary", "OOP6_DICTIONARY\OOP6_Dictionary.csproj", "{0DAF770B-08ED-4E68-A9C7-9BD99FE05A1F}"
EndProject
Project("{2150E333-8FDC-42A3-9474-1A3956D46DE8}") = "Chapter5", "Chapter5", "{02EA681E-C7D8-13C7-8484-4AC65E1B71E8}"
EndProject
Project("{FAE04EC0-301F-11D3-BF4B-00C04F79EFBC}") = "BuilderPattern", "BuilderPattern\BuilderPattern.csproj", "{044DE341-433F-5702-4D82-2BB3FD3832E3}"
EndProject
Project("{FAE04EC0-301F-11D3-BF4B-00C04F79EFBC}") = "FactoriesPattern", "FactoriesPattern\FactoriesPattern.csproj", "{15ADFCBE-9B56-7B0A-7AE5-771D29B1F4C9}"
EndProject
Project("{FAE04EC0-301F-11D3-BF4B-00C04F79EFBC}") = "ObserverPattern", "ObserverPattern\ObserverPattern.csproj", "{FEBF851F-917B-C45E-D2B8-7873FE9FDB40}"
EndProject
Project("{FAE04EC0-301F-11D3-BF4B-00C04F79EFBC}") = "PrototypePattern", "PrototypePattern\PrototypePattern.csproj", "{92C92FD4-253A-352A-CA1D-8ACA5E5F3868}"
EndProject
Project("{FAE04EC0-301F-11D3-BF4B-00C04F79EFBC}") = "SingletonPattern", "SingletonPattern\SingletonPattern.csproj", "{FABC0CC8-7E79-3D9B-8D56-17C4207BB104}"
EndProject
Project("{FAE04EC0-301F-11D3-BF4B-00C04F79EFBC}") = "DemoAliasClone", "DemoAliasClone\DemoAliasClone.csproj", "{78E2414C-47B6-43A2-9EFF-AE1CF039FCCA}"
EndProject
Project("{2150E333-8FDC-42A3-9474-1A3956D46DE8}") = "Chapter6", "Chapter6", "{82E9FCE1-E88A-45EF-A4EA-5675E36360C6}"
EndProject
Project("{FAE04EC0-301F-11D3-BF4B-00C04F79EFBC}") = "DemoDelegate", "DemoDelegate\DemoDelegate.csproj", "{A4CE466A-EBEE-4407-9E2C-4AA62CD2A094}"
EndProject
Project("{FAE04EC0-301F-11D3-BF4B-00C04F79EFBC}") = "DemoLINQToObject", "DemoLINQToObject\DemoLINQToObject.csproj", "{4C0FE080-8325-4DAA-B7C5-B507C9036519}"
EndProject
Project("{FAE04EC0-301F-11D3-BF4B-00C04F79EFBC}") = "DemoLINQToObjectModelClass", "DemoLINQToObjectModelClass\DemoLINQToObjectModelClass.csproj", "{FB570ED6-B864-4584-972A-766FC09BAAD5}"
EndProject
Project("{FAE04EC0-301F-11D3-BF4B-00C04F79EFBC}") = "DemoLINQToSQL", "DemoLINQToSQL\DemoLINQToSQL.csproj", "{235191A5-FA7C-4FB9-A06C-7E366F09B585}"
EndProject
Project("{FAE04EC0-301F-11D3-BF4B-00C04F79EFBC}") = "Lucy_SalesDataManagement", "Lucy_SalesDataManagement\Lucy_SalesDataManagement.csproj", "{1C3C8919-5319-423C-B991-328D9F48ABCA}"
EndProject
Global
	GlobalSection(SolutionConfigurationPlatforms) = preSolution
		Debug|Any CPU = Debug|Any CPU
		Release|Any CPU = Release|Any CPU
	EndGlobalSection
	GlobalSection(ProjectConfigurationPlatforms) = postSolution
		{2A4C92B6-B0E8-499C-9C20-3BDEE9E46D78}.Debug|Any CPU.ActiveCfg = Debug|Any CPU
		{2A4C92B6-B0E8-499C-9C20-3BDEE9E46D78}.Debug|Any CPU.Build.0 = Debug|Any CPU
		{2A4C92B6-B0E8-499C-9C20-3BDEE9E46D78}.Release|Any CPU.ActiveCfg = Release|Any CPU
		{2A4C92B6-B0E8-499C-9C20-3BDEE9E46D78}.Release|Any CPU.Build.0 = Release|Any CPU
		{09B0337D-A34C-49D1-8A87-49EC218A84A2}.Debug|Any CPU.ActiveCfg = Debug|Any CPU
		{09B0337D-A34C-49D1-8A87-49EC218A84A2}.Debug|Any CPU.Build.0 = Debug|Any CPU
		{09B0337D-A34C-49D1-8A87-49EC218A84A2}.Release|Any CPU.ActiveCfg = Release|Any CPU
		{09B0337D-A34C-49D1-8A87-49EC218A84A2}.Release|Any CPU.Build.0 = Release|Any CPU
		{52F6C704-AFE5-4D6E-964D-73AC83F58B54}.Debug|Any CPU.ActiveCfg = Debug|Any CPU
		{52F6C704-AFE5-4D6E-964D-73AC83F58B54}.Debug|Any CPU.Build.0 = Debug|Any CPU
		{52F6C704-AFE5-4D6E-964D-73AC83F58B54}.Release|Any CPU.ActiveCfg = Release|Any CPU
		{52F6C704-AFE5-4D6E-964D-73AC83F58B54}.Release|Any CPU.Build.0 = Release|Any CPU
		{E0443572-EF27-4390-A371-9DF48344AA7E}.Debug|Any CPU.ActiveCfg = Debug|Any CPU
		{E0443572-EF27-4390-A371-9DF48344AA7E}.Debug|Any CPU.Build.0 = Debug|Any CPU
		{E0443572-EF27-4390-A371-9DF48344AA7E}.Release|Any CPU.ActiveCfg = Release|Any CPU
		{E0443572-EF27-4390-A371-9DF48344AA7E}.Release|Any CPU.Build.0 = Release|Any CPU
		{98E7AEAE-7E8E-4C35-9B14-EB3040440BE0}.Debug|Any CPU.ActiveCfg = Debug|Any CPU
		{98E7AEAE-7E8E-4C35-9B14-EB3040440BE0}.Debug|Any CPU.Build.0 = Debug|Any CPU
		{98E7AEAE-7E8E-4C35-9B14-EB3040440BE0}.Release|Any CPU.ActiveCfg = Release|Any CPU
		{98E7AEAE-7E8E-4C35-9B14-EB3040440BE0}.Release|Any CPU.Build.0 = Release|Any CPU
		{46B1E3F8-A43C-4930-91A0-BD23874E06A9}.Debug|Any CPU.ActiveCfg = Debug|Any CPU
		{46B1E3F8-A43C-4930-91A0-BD23874E06A9}.Debug|Any CPU.Build.0 = Debug|Any CPU
		{46B1E3F8-A43C-4930-91A0-BD23874E06A9}.Release|Any CPU.ActiveCfg = Release|Any CPU
		{46B1E3F8-A43C-4930-91A0-BD23874E06A9}.Release|Any CPU.Build.0 = Release|Any CPU
		{B380D1CA-F190-43D1-AB48-06C3679D883C}.Debug|Any CPU.ActiveCfg = Debug|Any CPU
		{B380D1CA-F190-43D1-AB48-06C3679D883C}.Debug|Any CPU.Build.0 = Debug|Any CPU
		{B380D1CA-F190-43D1-AB48-06C3679D883C}.Release|Any CPU.ActiveCfg = Release|Any CPU
		{B380D1CA-F190-43D1-AB48-06C3679D883C}.Release|Any CPU.Build.0 = Release|Any CPU
		{87F12F85-3A43-435D-A4AA-68F645BF151C}.Debug|Any CPU.ActiveCfg = Debug|Any CPU
		{87F12F85-3A43-435D-A4AA-68F645BF151C}.Debug|Any CPU.Build.0 = Debug|Any CPU
		{87F12F85-3A43-435D-A4AA-68F645BF151C}.Release|Any CPU.ActiveCfg = Release|Any CPU
		{87F12F85-3A43-435D-A4AA-68F645BF151C}.Release|Any CPU.Build.0 = Release|Any CPU
		{79DD05E5-EA64-4720-8B9F-9D0916EEBABE}.Debug|Any CPU.ActiveCfg = Debug|Any CPU
		{79DD05E5-EA64-4720-8B9F-9D0916EEBABE}.Debug|Any CPU.Build.0 = Debug|Any CPU
		{79DD05E5-EA64-4720-8B9F-9D0916EEBABE}.Release|Any CPU.ActiveCfg = Release|Any CPU
		{79DD05E5-EA64-4720-8B9F-9D0916EEBABE}.Release|Any CPU.Build.0 = Release|Any CPU
		{01DE713D-6B02-42AF-8522-D6BE2ACD310E}.Debug|Any CPU.ActiveCfg = Debug|Any CPU
		{01DE713D-6B02-42AF-8522-D6BE2ACD310E}.Debug|Any CPU.Build.0 = Debug|Any CPU
		{01DE713D-6B02-42AF-8522-D6BE2ACD310E}.Release|Any CPU.ActiveCfg = Release|Any CPU
		{01DE713D-6B02-42AF-8522-D6BE2ACD310E}.Release|Any CPU.Build.0 = Release|Any CPU
		{89213111-9418-4CAF-AF0C-2E766E362B72}.Debug|Any CPU.ActiveCfg = Debug|Any CPU
		{89213111-9418-4CAF-AF0C-2E766E362B72}.Debug|Any CPU.Build.0 = Debug|Any CPU
		{89213111-9418-4CAF-AF0C-2E766E362B72}.Release|Any CPU.ActiveCfg = Release|Any CPU
		{89213111-9418-4CAF-AF0C-2E766E362B72}.Release|Any CPU.Build.0 = Release|Any CPU
		{C8D7DE6C-6641-45B2-8BEE-705D1409C8B8}.Debug|Any CPU.ActiveCfg = Debug|Any CPU
		{C8D7DE6C-6641-45B2-8BEE-705D1409C8B8}.Debug|Any CPU.Build.0 = Debug|Any CPU
		{C8D7DE6C-6641-45B2-8BEE-705D1409C8B8}.Release|Any CPU.ActiveCfg = Release|Any CPU
		{C8D7DE6C-6641-45B2-8BEE-705D1409C8B8}.Release|Any CPU.Build.0 = Release|Any CPU
		{E4EC66D3-FE72-46F4-A2FB-1E0D4A631BEF}.Debug|Any CPU.ActiveCfg = Debug|Any CPU
		{E4EC66D3-FE72-46F4-A2FB-1E0D4A631BEF}.Debug|Any CPU.Build.0 = Debug|Any CPU
		{E4EC66D3-FE72-46F4-A2FB-1E0D4A631BEF}.Release|Any CPU.ActiveCfg = Release|Any CPU
		{E4EC66D3-FE72-46F4-A2FB-1E0D4A631BEF}.Release|Any CPU.Build.0 = Release|Any CPU
		{D7B00202-3C1F-4207-AF9E-18FD2BACBBF2}.Debug|Any CPU.ActiveCfg = Debug|Any CPU
		{D7B00202-3C1F-4207-AF9E-18FD2BACBBF2}.Debug|Any CPU.Build.0 = Debug|Any CPU
		{D7B00202-3C1F-4207-AF9E-18FD2BACBBF2}.Release|Any CPU.ActiveCfg = Release|Any CPU
		{D7B00202-3C1F-4207-AF9E-18FD2BACBBF2}.Release|Any CPU.Build.0 = Release|Any CPU
		{ADFBFB85-EC64-49DE-8304-4A3EC2B566B1}.Debug|Any CPU.ActiveCfg = Debug|Any CPU
		{ADFBFB85-EC64-49DE-8304-4A3EC2B566B1}.Debug|Any CPU.Build.0 = Debug|Any CPU
		{ADFBFB85-EC64-49DE-8304-4A3EC2B566B1}.Release|Any CPU.ActiveCfg = Release|Any CPU
		{ADFBFB85-EC64-49DE-8304-4A3EC2B566B1}.Release|Any CPU.Build.0 = Release|Any CPU
		{66BCC7C7-EC83-4DF4-BF67-1D7E69BE248B}.Debug|Any CPU.ActiveCfg = Debug|Any CPU
		{66BCC7C7-EC83-4DF4-BF67-1D7E69BE248B}.Debug|Any CPU.Build.0 = Debug|Any CPU
		{66BCC7C7-EC83-4DF4-BF67-1D7E69BE248B}.Release|Any CPU.ActiveCfg = Release|Any CPU
		{66BCC7C7-EC83-4DF4-BF67-1D7E69BE248B}.Release|Any CPU.Build.0 = Release|Any CPU
		{94B48658-A382-4099-BAE9-CCC3AFBEAFBA}.Debug|Any CPU.ActiveCfg = Debug|Any CPU
		{94B48658-A382-4099-BAE9-CCC3AFBEAFBA}.Debug|Any CPU.Build.0 = Debug|Any CPU
		{94B48658-A382-4099-BAE9-CCC3AFBEAFBA}.Release|Any CPU.ActiveCfg = Release|Any CPU
		{94B48658-A382-4099-BAE9-CCC3AFBEAFBA}.Release|Any CPU.Build.0 = Release|Any CPU
		{0DAF770B-08ED-4E68-A9C7-9BD99FE05A1F}.Debug|Any CPU.ActiveCfg = Debug|Any CPU
		{0DAF770B-08ED-4E68-A9C7-9BD99FE05A1F}.Debug|Any CPU.Build.0 = Debug|Any CPU
		{0DAF770B-08ED-4E68-A9C7-9BD99FE05A1F}.Release|Any CPU.ActiveCfg = Release|Any CPU
		{0DAF770B-08ED-4E68-A9C7-9BD99FE05A1F}.Release|Any CPU.Build.0 = Release|Any CPU
		{044DE341-433F-5702-4D82-2BB3FD3832E3}.Debug|Any CPU.ActiveCfg = Debug|Any CPU
		{044DE341-433F-5702-4D82-2BB3FD3832E3}.Debug|Any CPU.Build.0 = Debug|Any CPU
		{044DE341-433F-5702-4D82-2BB3FD3832E3}.Release|Any CPU.ActiveCfg = Release|Any CPU
		{044DE341-433F-5702-4D82-2BB3FD3832E3}.Release|Any CPU.Build.0 = Release|Any CPU
		{15ADFCBE-9B56-7B0A-7AE5-771D29B1F4C9}.Debug|Any CPU.ActiveCfg = Debug|Any CPU
		{15ADFCBE-9B56-7B0A-7AE5-771D29B1F4C9}.Debug|Any CPU.Build.0 = Debug|Any CPU
		{15ADFCBE-9B56-7B0A-7AE5-771D29B1F4C9}.Release|Any CPU.ActiveCfg = Release|Any CPU
		{15ADFCBE-9B56-7B0A-7AE5-771D29B1F4C9}.Release|Any CPU.Build.0 = Release|Any CPU
		{FEBF851F-917B-C45E-D2B8-7873FE9FDB40}.Debug|Any CPU.ActiveCfg = Debug|Any CPU
		{FEBF851F-917B-C45E-D2B8-7873FE9FDB40}.Debug|Any CPU.Build.0 = Debug|Any CPU
		{FEBF851F-917B-C45E-D2B8-7873FE9FDB40}.Release|Any CPU.ActiveCfg = Release|Any CPU
		{FEBF851F-917B-C45E-D2B8-7873FE9FDB40}.Release|Any CPU.Build.0 = Release|Any CPU
		{92C92FD4-253A-352A-CA1D-8ACA5E5F3868}.Debug|Any CPU.ActiveCfg = Debug|Any CPU
		{92C92FD4-253A-352A-CA1D-8ACA5E5F3868}.Debug|Any CPU.Build.0 = Debug|Any CPU
		{92C92FD4-253A-352A-CA1D-8ACA5E5F3868}.Release|Any CPU.ActiveCfg = Release|Any CPU
		{92C92FD4-253A-352A-CA1D-8ACA5E5F3868}.Release|Any CPU.Build.0 = Release|Any CPU
		{FABC0CC8-7E79-3D9B-8D56-17C4207BB104}.Debug|Any CPU.ActiveCfg = Debug|Any CPU
		{FABC0CC8-7E79-3D9B-8D56-17C4207BB104}.Debug|Any CPU.Build.0 = Debug|Any CPU
		{FABC0CC8-7E79-3D9B-8D56-17C4207BB104}.Release|Any CPU.ActiveCfg = Release|Any CPU
		{FABC0CC8-7E79-3D9B-8D56-17C4207BB104}.Release|Any CPU.Build.0 = Release|Any CPU
		{78E2414C-47B6-43A2-9EFF-AE1CF039FCCA}.Debug|Any CPU.ActiveCfg = Debug|Any CPU
		{78E2414C-47B6-43A2-9EFF-AE1CF039FCCA}.Debug|Any CPU.Build.0 = Debug|Any CPU
		{78E2414C-47B6-43A2-9EFF-AE1CF039FCCA}.Release|Any CPU.ActiveCfg = Release|Any CPU
		{78E2414C-47B6-43A2-9EFF-AE1CF039FCCA}.Release|Any CPU.Build.0 = Release|Any CPU
		{A4CE466A-EBEE-4407-9E2C-4AA62CD2A094}.Debug|Any CPU.ActiveCfg = Debug|Any CPU
		{A4CE466A-EBEE-4407-9E2C-4AA62CD2A094}.Debug|Any CPU.Build.0 = Debug|Any CPU
		{A4CE466A-EBEE-4407-9E2C-4AA62CD2A094}.Release|Any CPU.ActiveCfg = Release|Any CPU
		{A4CE466A-EBEE-4407-9E2C-4AA62CD2A094}.Release|Any CPU.Build.0 = Release|Any CPU
		{4C0FE080-8325-4DAA-B7C5-B507C9036519}.Debug|Any CPU.ActiveCfg = Debug|Any CPU
		{4C0FE080-8325-4DAA-B7C5-B507C9036519}.Debug|Any CPU.Build.0 = Debug|Any CPU
		{4C0FE080-8325-4DAA-B7C5-B507C9036519}.Release|Any CPU.ActiveCfg = Release|Any CPU
		{4C0FE080-8325-4DAA-B7C5-B507C9036519}.Release|Any CPU.Build.0 = Release|Any CPU
		{FB570ED6-B864-4584-972A-766FC09BAAD5}.Debug|Any CPU.ActiveCfg = Debug|Any CPU
		{FB570ED6-B864-4584-972A-766FC09BAAD5}.Debug|Any CPU.Build.0 = Debug|Any CPU
		{FB570ED6-B864-4584-972A-766FC09BAAD5}.Release|Any CPU.ActiveCfg = Release|Any CPU
		{FB570ED6-B864-4584-972A-766FC09BAAD5}.Release|Any CPU.Build.0 = Release|Any CPU
		{235191A5-FA7C-4FB9-A06C-7E366F09B585}.Debug|Any CPU.ActiveCfg = Debug|Any CPU
		{235191A5-FA7C-4FB9-A06C-7E366F09B585}.Debug|Any CPU.Build.0 = Debug|Any CPU
		{235191A5-FA7C-4FB9-A06C-7E366F09B585}.Release|Any CPU.ActiveCfg = Release|Any CPU
		{235191A5-FA7C-4FB9-A06C-7E366F09B585}.Release|Any CPU.Build.0 = Release|Any CPU
		{1C3C8919-5319-423C-B991-328D9F48ABCA}.Debug|Any CPU.ActiveCfg = Debug|Any CPU
		{1C3C8919-5319-423C-B991-328D9F48ABCA}.Debug|Any CPU.Build.0 = Debug|Any CPU
		{1C3C8919-5319-423C-B991-328D9F48ABCA}.Release|Any CPU.ActiveCfg = Release|Any CPU
		{1C3C8919-5319-423C-B991-328D9F48ABCA}.Release|Any CPU.Build.0 = Release|Any CPU
	EndGlobalSection
	GlobalSection(SolutionProperties) = preSolution
		HideSolutionNode = FALSE
	EndGlobalSection
	GlobalSection(NestedProjects) = preSolution
		{044DE341-433F-5702-4D82-2BB3FD3832E3} = {02EA681E-C7D8-13C7-8484-4AC65E1B71E8}
		{15ADFCBE-9B56-7B0A-7AE5-771D29B1F4C9} = {02EA681E-C7D8-13C7-8484-4AC65E1B71E8}
		{FEBF851F-917B-C45E-D2B8-7873FE9FDB40} = {02EA681E-C7D8-13C7-8484-4AC65E1B71E8}
		{92C92FD4-253A-352A-CA1D-8ACA5E5F3868} = {02EA681E-C7D8-13C7-8484-4AC65E1B71E8}
		{FABC0CC8-7E79-3D9B-8D56-17C4207BB104} = {02EA681E-C7D8-13C7-8484-4AC65E1B71E8}
		{78E2414C-47B6-43A2-9EFF-AE1CF039FCCA} = {02EA681E-C7D8-13C7-8484-4AC65E1B71E8}
		{A4CE466A-EBEE-4407-9E2C-4AA62CD2A094} = {82E9FCE1-E88A-45EF-A4EA-5675E36360C6}
		{4C0FE080-8325-4DAA-B7C5-B507C9036519} = {82E9FCE1-E88A-45EF-A4EA-5675E36360C6}
		{FB570ED6-B864-4584-972A-766FC09BAAD5} = {82E9FCE1-E88A-45EF-A4EA-5675E36360C6}
		{235191A5-FA7C-4FB9-A06C-7E366F09B585} = {82E9FCE1-E88A-45EF-A4EA-5675E36360C6}
		{1C3C8919-5319-423C-B991-328D9F48ABCA} = {82E9FCE1-E88A-45EF-A4EA-5675E36360C6}
	EndGlobalSection
	GlobalSection(ExtensibilityGlobals) = postSolution
		SolutionGuid = {3F825045-75C3-4E6B-BC45-A65965D84F5C}
	EndGlobalSection
EndGlobal
